// !$*UTF8*$!
{
	archiveVersion = 1;
	classes = {
	};
	objectVersion = 46;
	objects = {

/* Begin PBXBuildFile section */
		914FD0081D7EC79A009F1F89 /* AppDelegate.swift in Sources */ = {isa = PBXBuildFile; fileRef = 914FD0071D7EC79A009F1F89 /* AppDelegate.swift */; };
		914FD00A1D7EC79A009F1F89 /* ViewController.swift in Sources */ = {isa = PBXBuildFile; fileRef = 914FD0091D7EC79A009F1F89 /* ViewController.swift */; };
		914FD00D1D7EC79A009F1F89 /* Main.storyboard in Resources */ = {isa = PBXBuildFile; fileRef = 914FD00B1D7EC79A009F1F89 /* Main.storyboard */; };
		914FD00F1D7EC79A009F1F89 /* Assets.xcassets in Resources */ = {isa = PBXBuildFile; fileRef = 914FD00E1D7EC79A009F1F89 /* Assets.xcassets */; };
		914FD0121D7EC79A009F1F89 /* LaunchScreen.storyboard in Resources */ = {isa = PBXBuildFile; fileRef = 914FD0101D7EC79A009F1F89 /* LaunchScreen.storyboard */; };
		914FD01A1D7ECB38009F1F89 /* pokemon.csv in Resources */ = {isa = PBXBuildFile; fileRef = 914FD0191D7ECB38009F1F89 /* pokemon.csv */; };
/* End PBXBuildFile section */

/* Begin PBXFileReference section */
		914FD0041D7EC79A009F1F89 /* Pokedex.app */ = {isa = PBXFileReference; explicitFileType = wrapper.application; includeInIndex = 0; path = Pokedex.app; sourceTree = BUILT_PRODUCTS_DIR; };
		914FD0071D7EC79A009F1F89 /* AppDelegate.swift */ = {isa = PBXFileReference; lastKnownFileType = sourcecode.swift; path = AppDelegate.swift; sourceTree = "<group>"; };
		914FD0091D7EC79A009F1F89 /* ViewController.swift */ = {isa = PBXFileReference; lastKnownFileType = sourcecode.swift; path = ViewController.swift; sourceTree = "<group>"; };
		914FD00C1D7EC79A009F1F89 /* Base */ = {isa = PBXFileReference; lastKnownFileType = file.storyboard; name = Base; path = Base.lproj/Main.storyboard; sourceTree = "<group>"; };
		914FD00E1D7EC79A009F1F89 /* Assets.xcassets */ = {isa = PBXFileReference; lastKnownFileType = folder.assetcatalog; path = Assets.xcassets; sourceTree = "<group>"; };
		914FD0111D7EC79A009F1F89 /* Base */ = {isa = PBXFileReference; lastKnownFileType = file.storyboard; name = Base; path = Base.lproj/LaunchScreen.storyboard; sourceTree = "<group>"; };
		914FD0131D7EC79A009F1F89 /* Info.plist */ = {isa = PBXFileReference; lastKnownFileType = text.plist.xml; path = Info.plist; sourceTree = "<group>"; };
		914FD0191D7ECB38009F1F89 /* pokemon.csv */ = {isa = PBXFileReference; fileEncoding = 4; lastKnownFileType = text; path = pokemon.csv; sourceTree = "<group>"; };
/* End PBXFileReference section */

/* Begin PBXFrameworksBuildPhase section */
		914FD0011D7EC79A009F1F89 /* Frameworks */ = {
			isa = PBXFrameworksBuildPhase;
			buildActionMask = 2147483647;
			files = (
			);
			runOnlyForDeploymentPostprocessing = 0;
		};
/* End PBXFrameworksBuildPhase section */

/* Begin PBXGroup section */
		914FCFFB1D7EC799009F1F89 = {
			isa = PBXGroup;
			children = (
				914FD0061D7EC79A009F1F89 /* Pokedex */,
				914FD0051D7EC79A009F1F89 /* Products */,
			);
			sourceTree = "<group>";
		};
		914FD0051D7EC79A009F1F89 /* Products */ = {
			isa = PBXGroup;
			children = (
				914FD0041D7EC79A009F1F89 /* Pokedex.app */,
			);
			name = Products;
			sourceTree = "<group>";
		};
		914FD0061D7EC79A009F1F89 /* Pokedex */ = {
			isa = PBXGroup;
			children = (
				914FD0071D7EC79A009F1F89 /* AppDelegate.swift */,
				914FD0091D7EC79A009F1F89 /* ViewController.swift */,
				914FD00B1D7EC79A009F1F89 /* Main.storyboard */,
				914FD0191D7ECB38009F1F89 /* pokemon.csv */,
				914FD00E1D7EC79A009F1F89 /* Assets.xcassets */,
				914FD0101D7EC79A009F1F89 /* LaunchScreen.storyboard */,
				914FD0131D7EC79A009F1F89 /* Info.plist */,
			);
			path = Pokedex;
			sourceTree = "<group>";
		};
/* End PBXGroup section */

/* Begin PBXNativeTarget section */
		914FD0031D7EC79A009F1F89 /* Pokedex */ = {
			isa = PBXNativeTarget;
			buildConfigurationList = 914FD0161D7EC79A009F1F89 /* Build configuration list for PBXNativeTarget "Pokedex" */;
			buildPhases = (
				914FD0001D7EC79A009F1F89 /* Sources */,
				914FD0011D7EC79A009F1F89 /* Frameworks */,
				914FD0021D7EC79A009F1F89 /* Resources */,
			);
			buildRules = (
			);
			dependencies = (
			);
			name = Pokedex;
			productName = Pokedex;
			productReference = 914FD0041D7EC79A009F1F89 /* Pokedex.app */;
			productType = "com.apple.product-type.application";
		};
/* End PBXNativeTarget section */

/* Begin PBXProject section */
		914FCFFC1D7EC799009F1F89 /* Project object */ = {
			isa = PBXProject;
			attributes = {
				LastSwiftUpdateCheck = 0730;
				LastUpgradeCheck = 0730;
				ORGANIZATIONNAME = cts;
				TargetAttributes = {
					914FD0031D7EC79A009F1F89 = {
						CreatedOnToolsVersion = 7.3.1;
					};
				};
			};
			buildConfigurationList = 914FCFFF1D7EC799009F1F89 /* Build configuration list for PBXProject "Pokedex" */;
			compatibilityVersion = "Xcode 3.2";
			developmentRegion = English;
			hasScannedForEncodings = 0;
			knownRegions = (
				en,
				Base,
			);
			mainGroup = 914FCFFB1D7EC799009F1F89;
			productRefGroup = 914FD0051D7EC79A009F1F89 /* Products */;
			projectDirPath = "";
			projectRoot = "";
			targets = (
				914FD0031D7EC79A009F1F89 /* Pokedex */,
			);
		};
/* End PBXProject section */

/* Begin PBXResourcesBuildPhase section */
		914FD0021D7EC79A009F1F89 /* Resources */ = {
			isa = PBXResourcesBuildPhase;
			buildActionMask = 2147483647;
			files = (
				914FD0121D7EC79A009F1F89 /* LaunchScreen.storyboard in Resources */,
				914FD00F1D7EC79A009F1F89 /* Assets.xcassets in Resources */,
				914FD01A1D7ECB38009F1F89 /* pokemon.csv in Resources */,
				914FD00D1D7EC79A009F1F89 /* Main.storyboard in Resources */,
			);
			runOnlyForDeploymentPostprocessing = 0;
		};
/* End PBXResourcesBuildPhase section */

/* Begin PBXSourcesBuildPhase section */
		914FD0001D7EC79A009F1F89 /* Sources */ = {
			isa = PBXSourcesBuildPhase;
			buildActionMask = 2147483647;
			files = (
				914FD00A1D7EC79A009F1F89 /* ViewController.swift in Sources */,
				914FD0081D7EC79A009F1F89 /* AppDelegate.swift in Sources */,
			);
			runOnlyForDeploymentPostprocessing = 0;
		};
/* End PBXSourcesBuildPhase section */

/* Begin PBXVariantGroup section */
		914FD00B1D7EC79A009F1F89 /* Main.storyboard */ = {
			isa = PBXVariantGroup;
			children = (
				914FD00C1D7EC79A009F1F89 /* Base */,
			);
			name = Main.storyboard;
			sourceTree = "<group>";
		};
		914FD0101D7EC79A009F1F89 /* LaunchScreen.storyboard */ = {
			isa = PBXVariantGroup;
			children = (
				914FD0111D7EC79A009F1F89 /* Base */,
			);
			name = LaunchScreen.storyboard;
			sourceTree = "<group>";
		};
/* End PBXVariantGroup section */

/* Begin XCBuildConfiguration section */
		914FD0141D7EC79A009F1F89 /* Debug */ = {
			isa = XCBuildConfiguration;
			buildSettings = {
				ALWAYS_SEARCH_USER_PATHS = NO;
				CLANG_ANALYZER_NONNULL = YES;
				CLANG_CXX_LANGUAGE_STANDARD = "gnu++0x";
				CLANG_CXX_LIBRARY = "libc++";
				CLANG_ENABLE_MODULES = YES;
				CLANG_ENABLE_OBJC_ARC = YES;
				CLANG_WARN_BOOL_CONVERSION = YES;
				CLANG_WARN_CONSTANT_CONVERSION = YES;
				CLANG_WARN_DIRECT_OBJC_ISA_USAGE = YES_ERROR;
				CLANG_WARN_EMPTY_BODY = YES;
				CLANG_WARN_ENUM_CONVERSION = YES;
				CLANG_WARN_INT_CONVERSION = YES;
				CLANG_WARN_OBJC_ROOT_CLASS = YES_ERROR;
				CLANG_WARN_UNREACHABLE_CODE = YES;
				CLANG_WARN__DUPLICATE_METHOD_MATCH = YES;
				"CODE_SIGN_IDENTITY[sdk=iphoneos*]" = "iPhone Developer";
				COPY_PHASE_STRIP = NO;
				DEBUG_INFORMATION_FORMAT = dwarf;
				ENABLE_STRICT_OBJC_MSGSEND = YES;
				ENABLE_TESTABILITY = YES;
				GCC_C_LANGUAGE_STANDARD = gnu99;
				GCC_DYNAMIC_NO_PIC = NO;
				GCC_NO_COMMON_BLOCKS = YES;
				GCC_OPTIMIZATION_LEVEL = 0;
				GCC_PREPROCESSOR_DEFINITIONS = (
					"DEBUG=1",
					"$(inherited)",
				);
				GCC_WARN_64_TO_32_BIT_CONVERSION = YES;
				GCC_WARN_ABOUT_RETURN_TYPE = YES_ERROR;
				GCC_WARN_UNDECLARED_SELECTOR = YES;
				GCC_WARN_UNINITIALIZED_AUTOS = YES_AGGRESSIVE;
				GCC_WARN_UNUSED_FUNCTION = YES;
				GCC_WARN_UNUSED_VARIABLE = YES;
				IPHONEOS_DEPLOYMENT_TARGET = 9.3;
				MTL_ENABLE_DEBUG_INFO = YES;
				ONLY_ACTIVE_ARCH = YES;
				SDKROOT = iphoneos;
				SWIFT_OPTIMIZATION_LEVEL = "-Onone";
				TARGETED_DEVICE_FAMILY = "1,2";
			};
			name = Debug;
		};
		914FD0151D7EC79A009F1F89 /* Release */ = {
			isa = XCBuildConfiguration;
			buildSettings = {
				ALWAYS_SEARCH_USER_PATHS = NO;
				CLANG_ANALYZER_NONNULL = YES;
				CLANG_CXX_LANGUAGE_STANDARD = "gnu++0x";
				CLANG_CXX_LIBRARY = "libc++";
				CLANG_ENABLE_MODULES = YES;
				CLANG_ENABLE_OBJC_ARC = YES;
				CLANG_WARN_BOOL_CONVERSION = YES;
				CLANG_WARN_CONSTANT_CONVERSION = YES;
				CLANG_WARN_DIRECT_OBJC_ISA_USAGE = YES_ERROR;
				CLANG_WARN_EMPTY_BODY = YES;
				CLANG_WARN_ENUM_CONVERSION = YES;
				CLANG_WARN_INT_CONVERSION = YES;
				CLANG_WARN_OBJC_ROOT_CLASS = YES_ERROR;
				CLANG_WARN_UNREACHABLE_CODE = YES;
				CLANG_WARN__DUPLICATE_METHOD_MATCH = YES;
				"CODE_SIGN_IDENTITY[sdk=iphoneos*]" = "iPhone Developer";
				COPY_PHASE_STRIP = NO;
				DEBUG_INFORMATION_FORMAT = "dwarf-with-dsym";
				ENABLE_NS_ASSERTIONS = NO;
				ENABLE_STRICT_OBJC_MSGSEND = YES;
				GCC_C_LANGUAGE_STANDARD = gnu99;
				GCC_NO_COMMON_BLOCKS = YES;
				GCC_WARN_64_TO_32_BIT_CONVERSION = YES;
				GCC_WARN_ABOUT_RETURN_TYPE = YES_ERROR;
				GCC_WARN_UNDECLARED_SELECTOR = YES;
				GCC_WARN_UNINITIALIZED_AUTOS = YES_AGGRESSIVE;
				GCC_WARN_UNUSED_FUNCTION = YES;
				GCC_WARN_UNUSED_VARIABLE = YES;
				IPHONEOS_DEPLOYMENT_TARGET = 9.3;
				MTL_ENABLE_DEBUG_INFO = NO;
				SDKROOT = iphoneos;
				TARGETED_DEVICE_FAMILY = "1,2";
				VALIDATE_PRODUCT = YES;
			};
			name = Release;
		};
		914FD0171D7EC79A009F1F89 /* Debug */ = {
			isa = XCBuildConfiguration;
			buildSettings = {
				ASSETCATALOG_COMPILER_APPICON_NAME = AppIcon;
				INFOPLIST_FILE = Pokedex/Info.plist;
				LD_RUNPATH_SEARCH_PATHS = "$(inherited) @executable_path/Frameworks";
				PRODUCT_BUNDLE_IDENTIFIER = com.cts.Pokedex;
				PRODUCT_NAME = "$(TARGET_NAME)";
			};
			name = Debug;
		};
		914FD0181D7EC79A009F1F89 /* Release */ = {
			isa = XCBuildConfiguration;
			buildSettings = {
				ASSETCATALOG_COMPILER_APPICON_NAME = AppIcon;
				INFOPLIST_FILE = Pokedex/Info.plist;
				LD_RUNPATH_SEARCH_PATHS = "$(inherited) @executable_path/Frameworks";
				PRODUCT_BUNDLE_IDENTIFIER = com.cts.Pokedex;
				PRODUCT_NAME = "$(TARGET_NAME)";
			};
			name = Release;
		};
/* End XCBuildConfiguration section */

/* Begin XCConfigurationList section */
		914FCFFF1D7EC799009F1F89 /* Build configuration list for PBXProject "Pokedex" */ = {
			isa = XCConfigurationList;
			buildConfigurations = (
				914FD0141D7EC79A009F1F89 /* Debug */,
				914FD0151D7EC79A009F1F89 /* Release */,
			);
			defaultConfigurationIsVisible = 0;
			defaultConfigurationName = Release;
		};
		914FD0161D7EC79A009F1F89 /* Build configuration list for PBXNativeTarget "Pokedex" */ = {
			isa = XCConfigurationList;
			buildConfigurations = (
				914FD0171D7EC79A009F1F89 /* Debug */,
				914FD0181D7EC79A009F1F89 /* Release */,
			);
			defaultConfigurationIsVisible = 0;
		};
/* End XCConfigurationList section */
	};
	rootObject = 914FCFFC1D7EC799009F1F89 /* Project object */;
}
